
Microsoft Visual Studio Solution File, Format Version 12.00
# Visual Studio Version 17
VisualStudioVersion = 17.13.35806.99 d17.13
MinimumVisualStudioVersion = 10.0.40219.1
Project("{FAE04EC0-301F-11D3-BF4B-00C04F79EFBC}") = "HelloWorld", "HelloWorld.csproj", "{9B4BF267-2C04-4A4A-B0CE-3DADA3E48314}"
EndProject
Global
	GlobalSection(SolutionConfigurationPlatforms) = preSolution
		Debug|Any CPU = Debug|Any CPU
		Release|Any CPU = Release|Any CPU
	EndGlobalSection
	GlobalSection(ProjectConfigurationPlatforms) = postSolution
		{9B4BF267-2C04-4A4A-B0CE-3DADA3E48314}.Debug|Any CPU.ActiveCfg = Debug|Any CPU
		{9B4BF267-2C04-4A4A-B0CE-3DADA3E48314}.Debug|Any CPU.Build.0 = Debug|Any CPU
		{9B4BF267-2C04-4A4A-B0CE-3DADA3E48314}.Release|Any CPU.ActiveCfg = Release|Any CPU
		{9B4BF267-2C04-4A4A-B0CE-3DADA3E48314}.Release|Any CPU.Build.0 = Release|Any CPU
	EndGlobalSection
	GlobalSection(SolutionProperties) = preSolution
		HideSolutionNode = FALSE
	EndGlobalSection
	GlobalSection(ExtensibilityGlobals) = postSolution
		SolutionGuid = {B26103BB-43D0-49DB-9504-8BE4702056D6}
	EndGlobalSection
EndGlobal
